{
  "name": "ndoh-jsbox",
  "version": "0.0.1",
  "dependencies": {
    "go-jsbox-metrics-helper": {
      "version": "0.2.0",
      "from": "https://registry.npmjs.org/go-jsbox-metrics-helper/-/go-jsbox-metrics-helper-0.2.0.tgz",
      "resolved": "https://registry.npmjs.org/go-jsbox-metrics-helper/-/go-jsbox-metrics-helper-0.2.0.tgz",
      "dependencies": {
        "moment": {
          "version": "2.19.4",
          "from": "https://registry.npmjs.org/moment/-/moment-2.19.4.tgz",
          "resolved": "https://registry.npmjs.org/moment/-/moment-2.19.4.tgz"
        }
      }
    },
    "lodash": {
      "version": "4.17.11",
      "from": "https://registry.npmjs.org/lodash/-/lodash-4.17.11.tgz",
      "resolved": "https://registry.npmjs.org/lodash/-/lodash-4.17.11.tgz"
    },
    "moment": {
      "version": "2.22.2",
      "from": "https://registry.npmjs.org/moment/-/moment-2.22.2.tgz",
      "resolved": "https://registry.npmjs.org/moment/-/moment-2.22.2.tgz"
    },
    "q": {
      "version": "0.9.7",
      "from": "https://registry.npmjs.org/q/-/q-0.9.7.tgz",
      "resolved": "https://registry.npmjs.org/q/-/q-0.9.7.tgz"
    },
    "seed-jsbox-utils": {
      "version": "0.4.1",
      "from": "seed-jsbox-utils@0.4.1",
      "dependencies": {
        "libphonenumber-js": {
          "version": "1.7.22",
          "from": "libphonenumber-js@>=1.7.22 <2.0.0",
          "resolved": "https://registry.npmjs.org/libphonenumber-js/-/libphonenumber-js-1.7.22.tgz",
          "dependencies": {
            "minimist": {
              "version": "1.2.0",
              "from": "minimist@>=1.2.0 <2.0.0",
              "resolved": "https://registry.npmjs.org/minimist/-/minimist-1.2.0.tgz"
            },
            "xml2js": {
              "version": "0.4.19",
              "from": "xml2js@>=0.4.17 <0.5.0",
              "resolved": "https://registry.npmjs.org/xml2js/-/xml2js-0.4.19.tgz",
              "dependencies": {
                "sax": {
                  "version": "1.2.4",
                  "from": "sax@>=0.6.0",
                  "resolved": "https://registry.npmjs.org/sax/-/sax-1.2.4.tgz"
                },
                "xmlbuilder": {
                  "version": "9.0.7",
                  "from": "xmlbuilder@>=9.0.1 <9.1.0",
                  "resolved": "https://registry.npmjs.org/xmlbuilder/-/xmlbuilder-9.0.7.tgz"
                }
              }
            }
          }
        },
        "moment": {
          "version": "2.19.4",
          "from": "moment@>=2.19.3 <2.20.0",
          "resolved": "https://registry.npmjs.org/moment/-/moment-2.19.4.tgz"
        }
      }
    },
    "vumigo_v02": {
      "version": "0.3.0",
      "from": "vumigo_v02@0.3.0",
      "resolved": "https://registry.npmjs.org/vumigo_v02/-/vumigo_v02-0.3.0.tgz",
      "dependencies": {
        "jed": {
          "version": "0.5.5",
          "from": "https://registry.npmjs.org/jed/-/jed-0.5.5.tgz",
          "resolved": "https://registry.npmjs.org/jed/-/jed-0.5.5.tgz"
        },
        "q": {
          "version": "1.5.1",
          "from": "https://registry.npmjs.org/q/-/q-1.5.1.tgz",
          "resolved": "https://registry.npmjs.org/q/-/q-1.5.1.tgz"
        }
      }
    }
  }
}
